// !$*UTF8*$!
{
	archiveVersion = 1;
	classes = {
	};
	objectVersion = 56;
	objects = {

/* Begin PBXBuildFile section */
		71EF1B7B293942D100EDF0FF /* PaybackTestApp.swift in Sources */ = {isa = PBXBuildFile; fileRef = 71EF1B7A293942D100EDF0FF /* PaybackTestApp.swift */; };
		71EF1B7D293942D100EDF0FF /* TransactoinsView.swift in Sources */ = {isa = PBXBuildFile; fileRef = 71EF1B7C293942D100EDF0FF /* TransactoinsView.swift */; };
		71EF1B7F293942D300EDF0FF /* Assets.xcassets in Resources */ = {isa = PBXBuildFile; fileRef = 71EF1B7E293942D300EDF0FF /* Assets.xcassets */; };
		71EF1B82293942D300EDF0FF /* Preview Assets.xcassets in Resources */ = {isa = PBXBuildFile; fileRef = 71EF1B81293942D300EDF0FF /* Preview Assets.xcassets */; };
		71EF1B8A2939455100EDF0FF /* NetworkManager.swift in Sources */ = {isa = PBXBuildFile; fileRef = 71EF1B892939455100EDF0FF /* NetworkManager.swift */; };
		71EF1B8C2939462900EDF0FF /* PBTransactions.json in Resources */ = {isa = PBXBuildFile; fileRef = 71EF1B8B2939462900EDF0FF /* PBTransactions.json */; };
		71EF1B8F2939464A00EDF0FF /* Transaction.swift in Sources */ = {isa = PBXBuildFile; fileRef = 71EF1B8E2939464A00EDF0FF /* Transaction.swift */; };
		71EF1B91293946BD00EDF0FF /* TransactionDetails.swift in Sources */ = {isa = PBXBuildFile; fileRef = 71EF1B90293946BD00EDF0FF /* TransactionDetails.swift */; };
		71EF1B932939472F00EDF0FF /* TransactionsViewModel.swift in Sources */ = {isa = PBXBuildFile; fileRef = 71EF1B922939472F00EDF0FF /* TransactionsViewModel.swift */; };
		71EF1B962939478600EDF0FF /* TransactionView.swift in Sources */ = {isa = PBXBuildFile; fileRef = 71EF1B952939478600EDF0FF /* TransactionView.swift */; };
		71EF1B98293947BA00EDF0FF /* Mock.swift in Sources */ = {isa = PBXBuildFile; fileRef = 71EF1B97293947BA00EDF0FF /* Mock.swift */; };
		71EF1B9A293948DD00EDF0FF /* Formatters.swift in Sources */ = {isa = PBXBuildFile; fileRef = 71EF1B99293948DD00EDF0FF /* Formatters.swift */; };
		71EF1B9C29394A4B00EDF0FF /* NetworkManagerStub.swift in Sources */ = {isa = PBXBuildFile; fileRef = 71EF1B9B29394A4B00EDF0FF /* NetworkManagerStub.swift */; };
		71EF1B9E29394AF900EDF0FF /* Response.swift in Sources */ = {isa = PBXBuildFile; fileRef = 71EF1B9D29394AF900EDF0FF /* Response.swift */; };
		71EF1BA129394F6D00EDF0FF /* TransactionDetailsView.swift in Sources */ = {isa = PBXBuildFile; fileRef = 71EF1BA029394F6D00EDF0FF /* TransactionDetailsView.swift */; };
		71EF1BA32939507C00EDF0FF /* Localizable.strings in Resources */ = {isa = PBXBuildFile; fileRef = 71EF1BA22939507C00EDF0FF /* Localizable.strings */; };
		71EF1BA5293955B700EDF0FF /* Category.swift in Sources */ = {isa = PBXBuildFile; fileRef = 71EF1BA4293955B700EDF0FF /* Category.swift */; };
		71EF1BA72939589000EDF0FF /* ServiceError.swift in Sources */ = {isa = PBXBuildFile; fileRef = 71EF1BA62939589000EDF0FF /* ServiceError.swift */; };
		71EF1BA92939596C00EDF0FF /* NetworkStatusManager.swift in Sources */ = {isa = PBXBuildFile; fileRef = 71EF1BA82939596C00EDF0FF /* NetworkStatusManager.swift */; };
/* End PBXBuildFile section */

/* Begin PBXFileReference section */
		71EF1B77293942D100EDF0FF /* PaybackTestApp.app */ = {isa = PBXFileReference; explicitFileType = wrapper.application; includeInIndex = 0; path = PaybackTestApp.app; sourceTree = BUILT_PRODUCTS_DIR; };
		71EF1B7A293942D100EDF0FF /* PaybackTestApp.swift */ = {isa = PBXFileReference; lastKnownFileType = sourcecode.swift; path = PaybackTestApp.swift; sourceTree = "<group>"; };
		71EF1B7C293942D100EDF0FF /* TransactoinsView.swift */ = {isa = PBXFileReference; lastKnownFileType = sourcecode.swift; path = TransactoinsView.swift; sourceTree = "<group>"; };
		71EF1B7E293942D300EDF0FF /* Assets.xcassets */ = {isa = PBXFileReference; lastKnownFileType = folder.assetcatalog; path = Assets.xcassets; sourceTree = "<group>"; };
		71EF1B81293942D300EDF0FF /* Preview Assets.xcassets */ = {isa = PBXFileReference; lastKnownFileType = folder.assetcatalog; path = "Preview Assets.xcassets"; sourceTree = "<group>"; };
		71EF1B892939455100EDF0FF /* NetworkManager.swift */ = {isa = PBXFileReference; lastKnownFileType = sourcecode.swift; path = NetworkManager.swift; sourceTree = "<group>"; };
		71EF1B8B2939462900EDF0FF /* PBTransactions.json */ = {isa = PBXFileReference; fileEncoding = 4; lastKnownFileType = text.json; path = PBTransactions.json; sourceTree = "<group>"; };
		71EF1B8E2939464A00EDF0FF /* Transaction.swift */ = {isa = PBXFileReference; lastKnownFileType = sourcecode.swift; path = Transaction.swift; sourceTree = "<group>"; };
		71EF1B90293946BD00EDF0FF /* TransactionDetails.swift */ = {isa = PBXFileReference; lastKnownFileType = sourcecode.swift; path = TransactionDetails.swift; sourceTree = "<group>"; };
		71EF1B922939472F00EDF0FF /* TransactionsViewModel.swift */ = {isa = PBXFileReference; lastKnownFileType = sourcecode.swift; path = TransactionsViewModel.swift; sourceTree = "<group>"; };
		71EF1B952939478600EDF0FF /* TransactionView.swift */ = {isa = PBXFileReference; lastKnownFileType = sourcecode.swift; path = TransactionView.swift; sourceTree = "<group>"; };
		71EF1B97293947BA00EDF0FF /* Mock.swift */ = {isa = PBXFileReference; lastKnownFileType = sourcecode.swift; path = Mock.swift; sourceTree = "<group>"; };
		71EF1B99293948DD00EDF0FF /* Formatters.swift */ = {isa = PBXFileReference; lastKnownFileType = sourcecode.swift; path = Formatters.swift; sourceTree = "<group>"; };
		71EF1B9B29394A4B00EDF0FF /* NetworkManagerStub.swift */ = {isa = PBXFileReference; lastKnownFileType = sourcecode.swift; path = NetworkManagerStub.swift; sourceTree = "<group>"; };
		71EF1B9D29394AF900EDF0FF /* Response.swift */ = {isa = PBXFileReference; lastKnownFileType = sourcecode.swift; path = Response.swift; sourceTree = "<group>"; };
		71EF1BA029394F6D00EDF0FF /* TransactionDetailsView.swift */ = {isa = PBXFileReference; lastKnownFileType = sourcecode.swift; path = TransactionDetailsView.swift; sourceTree = "<group>"; };
		71EF1BA22939507C00EDF0FF /* Localizable.strings */ = {isa = PBXFileReference; lastKnownFileType = text.plist.strings; path = Localizable.strings; sourceTree = "<group>"; };
		71EF1BA4293955B700EDF0FF /* Category.swift */ = {isa = PBXFileReference; lastKnownFileType = sourcecode.swift; path = Category.swift; sourceTree = "<group>"; };
		71EF1BA62939589000EDF0FF /* ServiceError.swift */ = {isa = PBXFileReference; lastKnownFileType = sourcecode.swift; path = ServiceError.swift; sourceTree = "<group>"; };
		71EF1BA82939596C00EDF0FF /* NetworkStatusManager.swift */ = {isa = PBXFileReference; lastKnownFileType = sourcecode.swift; path = NetworkStatusManager.swift; sourceTree = "<group>"; };
/* End PBXFileReference section */

/* Begin PBXFrameworksBuildPhase section */
		71EF1B74293942D100EDF0FF /* Frameworks */ = {
			isa = PBXFrameworksBuildPhase;
			buildActionMask = 2147483647;
			files = (
			);
			runOnlyForDeploymentPostprocessing = 0;
		};
/* End PBXFrameworksBuildPhase section */

/* Begin PBXGroup section */
		71EF1B6E293942D100EDF0FF = {
			isa = PBXGroup;
			children = (
				71EF1BA22939507C00EDF0FF /* Localizable.strings */,
				71EF1B79293942D100EDF0FF /* PaybackTestApp */,
				71EF1B78293942D100EDF0FF /* Products */,
			);
			sourceTree = "<group>";
		};
		71EF1B78293942D100EDF0FF /* Products */ = {
			isa = PBXGroup;
			children = (
				71EF1B77293942D100EDF0FF /* PaybackTestApp.app */,
			);
			name = Products;
			sourceTree = "<group>";
		};
		71EF1B79293942D100EDF0FF /* PaybackTestApp */ = {
			isa = PBXGroup;
			children = (
				71EF1B9F29394F5C00EDF0FF /* TransactionDetails */,
				71EF1B942939473400EDF0FF /* TransactionsList */,
				71EF1B8D2939463600EDF0FF /* Models */,
				71EF1B8B2939462900EDF0FF /* PBTransactions.json */,
				71EF1B882939453B00EDF0FF /* Service */,
				71EF1B7A293942D100EDF0FF /* PaybackTestApp.swift */,
				71EF1B7E293942D300EDF0FF /* Assets.xcassets */,
				71EF1B80293942D300EDF0FF /* Preview Content */,
				71EF1B97293947BA00EDF0FF /* Mock.swift */,
				71EF1B99293948DD00EDF0FF /* Formatters.swift */,
			);
			path = PaybackTestApp;
			sourceTree = "<group>";
		};
		71EF1B80293942D300EDF0FF /* Preview Content */ = {
			isa = PBXGroup;
			children = (
				71EF1B81293942D300EDF0FF /* Preview Assets.xcassets */,
			);
			path = "Preview Content";
			sourceTree = "<group>";
		};
		71EF1B882939453B00EDF0FF /* Service */ = {
			isa = PBXGroup;
			children = (
				71EF1B892939455100EDF0FF /* NetworkManager.swift */,
				71EF1B9B29394A4B00EDF0FF /* NetworkManagerStub.swift */,
				71EF1BA62939589000EDF0FF /* ServiceError.swift */,
				71EF1BA82939596C00EDF0FF /* NetworkStatusManager.swift */,
			);
			path = Service;
			sourceTree = "<group>";
		};
		71EF1B8D2939463600EDF0FF /* Models */ = {
			isa = PBXGroup;
			children = (
				71EF1B8E2939464A00EDF0FF /* Transaction.swift */,
				71EF1B90293946BD00EDF0FF /* TransactionDetails.swift */,
				71EF1B9D29394AF900EDF0FF /* Response.swift */,
				71EF1BA4293955B700EDF0FF /* Category.swift */,
			);
			path = Models;
			sourceTree = "<group>";
		};
		71EF1B942939473400EDF0FF /* TransactionsList */ = {
			isa = PBXGroup;
			children = (
				71EF1B7C293942D100EDF0FF /* TransactoinsView.swift */,
				71EF1B922939472F00EDF0FF /* TransactionsViewModel.swift */,
				71EF1B952939478600EDF0FF /* TransactionView.swift */,
			);
			path = TransactionsList;
			sourceTree = "<group>";
		};
		71EF1B9F29394F5C00EDF0FF /* TransactionDetails */ = {
			isa = PBXGroup;
			children = (
				71EF1BA029394F6D00EDF0FF /* TransactionDetailsView.swift */,
			);
			path = TransactionDetails;
			sourceTree = "<group>";
		};
/* End PBXGroup section */

/* Begin PBXNativeTarget section */
		71EF1B76293942D100EDF0FF /* PaybackTestApp */ = {
			isa = PBXNativeTarget;
			buildConfigurationList = 71EF1B85293942D300EDF0FF /* Build configuration list for PBXNativeTarget "PaybackTestApp" */;
			buildPhases = (
				71EF1B73293942D100EDF0FF /* Sources */,
				71EF1B74293942D100EDF0FF /* Frameworks */,
				71EF1B75293942D100EDF0FF /* Resources */,
			);
			buildRules = (
			);
			dependencies = (
			);
			name = PaybackTestApp;
			productName = PaybackTestApp;
			productReference = 71EF1B77293942D100EDF0FF /* PaybackTestApp.app */;
			productType = "com.apple.product-type.application";
		};
/* End PBXNativeTarget section */

/* Begin PBXProject section */
		71EF1B6F293942D100EDF0FF /* Project object */ = {
			isa = PBXProject;
			attributes = {
				BuildIndependentTargetsInParallel = 1;
				LastSwiftUpdateCheck = 1410;
				LastUpgradeCheck = 1410;
				TargetAttributes = {
					71EF1B76293942D100EDF0FF = {
						CreatedOnToolsVersion = 14.1;
					};
				};
			};
			buildConfigurationList = 71EF1B72293942D100EDF0FF /* Build configuration list for PBXProject "PaybackTestApp" */;
			compatibilityVersion = "Xcode 14.0";
			developmentRegion = en;
			hasScannedForEncodings = 0;
			knownRegions = (
				en,
				Base,
			);
			mainGroup = 71EF1B6E293942D100EDF0FF;
			productRefGroup = 71EF1B78293942D100EDF0FF /* Products */;
			projectDirPath = "";
			projectRoot = "";
			targets = (
				71EF1B76293942D100EDF0FF /* PaybackTestApp */,
			);
		};
/* End PBXProject section */

/* Begin PBXResourcesBuildPhase section */
		71EF1B75293942D100EDF0FF /* Resources */ = {
			isa = PBXResourcesBuildPhase;
			buildActionMask = 2147483647;
			files = (
				71EF1B82293942D300EDF0FF /* Preview Assets.xcassets in Resources */,
				71EF1BA32939507C00EDF0FF /* Localizable.strings in Resources */,
				71EF1B8C2939462900EDF0FF /* PBTransactions.json in Resources */,
				71EF1B7F293942D300EDF0FF /* Assets.xcassets in Resources */,
			);
			runOnlyForDeploymentPostprocessing = 0;
		};
/* End PBXResourcesBuildPhase section */

/* Begin PBXSourcesBuildPhase section */
		71EF1B73293942D100EDF0FF /* Sources */ = {
			isa = PBXSourcesBuildPhase;
			buildActionMask = 2147483647;
			files = (
				71EF1B8A2939455100EDF0FF /* NetworkManager.swift in Sources */,
				71EF1B7D293942D100EDF0FF /* TransactoinsView.swift in Sources */,
				71EF1B932939472F00EDF0FF /* TransactionsViewModel.swift in Sources */,
				71EF1BA129394F6D00EDF0FF /* TransactionDetailsView.swift in Sources */,
				71EF1B9A293948DD00EDF0FF /* Formatters.swift in Sources */,
				71EF1B9C29394A4B00EDF0FF /* NetworkManagerStub.swift in Sources */,
				71EF1B8F2939464A00EDF0FF /* Transaction.swift in Sources */,
				71EF1B7B293942D100EDF0FF /* PaybackTestApp.swift in Sources */,
				71EF1B9E29394AF900EDF0FF /* Response.swift in Sources */,
				71EF1BA5293955B700EDF0FF /* Category.swift in Sources */,
				71EF1B962939478600EDF0FF /* TransactionView.swift in Sources */,
				71EF1B91293946BD00EDF0FF /* TransactionDetails.swift in Sources */,
				71EF1BA72939589000EDF0FF /* ServiceError.swift in Sources */,
				71EF1BA92939596C00EDF0FF /* NetworkStatusManager.swift in Sources */,
				71EF1B98293947BA00EDF0FF /* Mock.swift in Sources */,
			);
			runOnlyForDeploymentPostprocessing = 0;
		};
/* End PBXSourcesBuildPhase section */

/* Begin XCBuildConfiguration section */
		71EF1B83293942D300EDF0FF /* Debug */ = {
			isa = XCBuildConfiguration;
			buildSettings = {
				ALWAYS_SEARCH_USER_PATHS = NO;
				CLANG_ANALYZER_NONNULL = YES;
				CLANG_ANALYZER_NUMBER_OBJECT_CONVERSION = YES_AGGRESSIVE;
				CLANG_CXX_LANGUAGE_STANDARD = "gnu++20";
				CLANG_ENABLE_MODULES = YES;
				CLANG_ENABLE_OBJC_ARC = YES;
				CLANG_ENABLE_OBJC_WEAK = YES;
				CLANG_WARN_BLOCK_CAPTURE_AUTORELEASING = YES;
				CLANG_WARN_BOOL_CONVERSION = YES;
				CLANG_WARN_COMMA = YES;
				CLANG_WARN_CONSTANT_CONVERSION = YES;
				CLANG_WARN_DEPRECATED_OBJC_IMPLEMENTATIONS = YES;
				CLANG_WARN_DIRECT_OBJC_ISA_USAGE = YES_ERROR;
				CLANG_WARN_DOCUMENTATION_COMMENTS = YES;
				CLANG_WARN_EMPTY_BODY = YES;
				CLANG_WARN_ENUM_CONVERSION = YES;
				CLANG_WARN_INFINITE_RECURSION = YES;
				CLANG_WARN_INT_CONVERSION = YES;
				CLANG_WARN_NON_LITERAL_NULL_CONVERSION = YES;
				CLANG_WARN_OBJC_IMPLICIT_RETAIN_SELF = YES;
				CLANG_WARN_OBJC_LITERAL_CONVERSION = YES;
				CLANG_WARN_OBJC_ROOT_CLASS = YES_ERROR;
				CLANG_WARN_QUOTED_INCLUDE_IN_FRAMEWORK_HEADER = YES;
				CLANG_WARN_RANGE_LOOP_ANALYSIS = YES;
				CLANG_WARN_STRICT_PROTOTYPES = YES;
				CLANG_WARN_SUSPICIOUS_MOVE = YES;
				CLANG_WARN_UNGUARDED_AVAILABILITY = YES_AGGRESSIVE;
				CLANG_WARN_UNREACHABLE_CODE = YES;
				CLANG_WARN__DUPLICATE_METHOD_MATCH = YES;
				COPY_PHASE_STRIP = NO;
				DEBUG_INFORMATION_FORMAT = dwarf;
				ENABLE_STRICT_OBJC_MSGSEND = YES;
				ENABLE_TESTABILITY = YES;
				GCC_C_LANGUAGE_STANDARD = gnu11;
				GCC_DYNAMIC_NO_PIC = NO;
				GCC_NO_COMMON_BLOCKS = YES;
				GCC_OPTIMIZATION_LEVEL = 0;
				GCC_PREPROCESSOR_DEFINITIONS = (
					"DEBUG=1",
					"$(inherited)",
				);
				GCC_WARN_64_TO_32_BIT_CONVERSION = YES;
				GCC_WARN_ABOUT_RETURN_TYPE = YES_ERROR;
				GCC_WARN_UNDECLARED_SELECTOR = YES;
				GCC_WARN_UNINITIALIZED_AUTOS = YES_AGGRESSIVE;
				GCC_WARN_UNUSED_FUNCTION = YES;
				GCC_WARN_UNUSED_VARIABLE = YES;
				IPHONEOS_DEPLOYMENT_TARGET = 16.1;
				MTL_ENABLE_DEBUG_INFO = INCLUDE_SOURCE;
				MTL_FAST_MATH = YES;
				ONLY_ACTIVE_ARCH = YES;
				SDKROOT = iphoneos;
				SWIFT_ACTIVE_COMPILATION_CONDITIONS = DEBUG;
				SWIFT_OPTIMIZATION_LEVEL = "-Onone";
			};
			name = Debug;
		};
		71EF1B84293942D300EDF0FF /* Release */ = {
			isa = XCBuildConfiguration;
			buildSettings = {
				ALWAYS_SEARCH_USER_PATHS = NO;
				CLANG_ANALYZER_NONNULL = YES;
				CLANG_ANALYZER_NUMBER_OBJECT_CONVERSION = YES_AGGRESSIVE;
				CLANG_CXX_LANGUAGE_STANDARD = "gnu++20";
				CLANG_ENABLE_MODULES = YES;
				CLANG_ENABLE_OBJC_ARC = YES;
				CLANG_ENABLE_OBJC_WEAK = YES;
				CLANG_WARN_BLOCK_CAPTURE_AUTORELEASING = YES;
				CLANG_WARN_BOOL_CONVERSION = YES;
				CLANG_WARN_COMMA = YES;
				CLANG_WARN_CONSTANT_CONVERSION = YES;
				CLANG_WARN_DEPRECATED_OBJC_IMPLEMENTATIONS = YES;
				CLANG_WARN_DIRECT_OBJC_ISA_USAGE = YES_ERROR;
				CLANG_WARN_DOCUMENTATION_COMMENTS = YES;
				CLANG_WARN_EMPTY_BODY = YES;
				CLANG_WARN_ENUM_CONVERSION = YES;
				CLANG_WARN_INFINITE_RECURSION = YES;
				CLANG_WARN_INT_CONVERSION = YES;
				CLANG_WARN_NON_LITERAL_NULL_CONVERSION = YES;
				CLANG_WARN_OBJC_IMPLICIT_RETAIN_SELF = YES;
				CLANG_WARN_OBJC_LITERAL_CONVERSION = YES;
				CLANG_WARN_OBJC_ROOT_CLASS = YES_ERROR;
				CLANG_WARN_QUOTED_INCLUDE_IN_FRAMEWORK_HEADER = YES;
				CLANG_WARN_RANGE_LOOP_ANALYSIS = YES;
				CLANG_WARN_STRICT_PROTOTYPES = YES;
				CLANG_WARN_SUSPICIOUS_MOVE = YES;
				CLANG_WARN_UNGUARDED_AVAILABILITY = YES_AGGRESSIVE;
				CLANG_WARN_UNREACHABLE_CODE = YES;
				CLANG_WARN__DUPLICATE_METHOD_MATCH = YES;
				COPY_PHASE_STRIP = NO;
				DEBUG_INFORMATION_FORMAT = "dwarf-with-dsym";
				ENABLE_NS_ASSERTIONS = NO;
				ENABLE_STRICT_OBJC_MSGSEND = YES;
				GCC_C_LANGUAGE_STANDARD = gnu11;
				GCC_NO_COMMON_BLOCKS = YES;
				GCC_WARN_64_TO_32_BIT_CONVERSION = YES;
				GCC_WARN_ABOUT_RETURN_TYPE = YES_ERROR;
				GCC_WARN_UNDECLARED_SELECTOR = YES;
				GCC_WARN_UNINITIALIZED_AUTOS = YES_AGGRESSIVE;
				GCC_WARN_UNUSED_FUNCTION = YES;
				GCC_WARN_UNUSED_VARIABLE = YES;
				IPHONEOS_DEPLOYMENT_TARGET = 16.1;
				MTL_ENABLE_DEBUG_INFO = NO;
				MTL_FAST_MATH = YES;
				SDKROOT = iphoneos;
				SWIFT_COMPILATION_MODE = wholemodule;
				SWIFT_OPTIMIZATION_LEVEL = "-O";
				VALIDATE_PRODUCT = YES;
			};
			name = Release;
		};
		71EF1B86293942D300EDF0FF /* Debug */ = {
			isa = XCBuildConfiguration;
			buildSettings = {
				ASSETCATALOG_COMPILER_APPICON_NAME = AppIcon;
				ASSETCATALOG_COMPILER_GLOBAL_ACCENT_COLOR_NAME = AccentColor;
				CODE_SIGN_STYLE = Automatic;
				CURRENT_PROJECT_VERSION = 1;
				DEVELOPMENT_ASSET_PATHS = "\"PaybackTestApp/Preview Content\"";
				DEVELOPMENT_TEAM = 98A95ZRNVF;
				ENABLE_PREVIEWS = YES;
				GENERATE_INFOPLIST_FILE = YES;
				INFOPLIST_KEY_UIApplicationSceneManifest_Generation = YES;
				INFOPLIST_KEY_UIApplicationSupportsIndirectInputEvents = YES;
				INFOPLIST_KEY_UILaunchScreen_Generation = YES;
				INFOPLIST_KEY_UISupportedInterfaceOrientations_iPad = "UIInterfaceOrientationPortrait UIInterfaceOrientationPortraitUpsideDown UIInterfaceOrientationLandscapeLeft UIInterfaceOrientationLandscapeRight";
				INFOPLIST_KEY_UISupportedInterfaceOrientations_iPhone = "UIInterfaceOrientationPortrait UIInterfaceOrientationLandscapeLeft UIInterfaceOrientationLandscapeRight";
				LD_RUNPATH_SEARCH_PATHS = (
					"$(inherited)",
					"@executable_path/Frameworks",
				);
				MARKETING_VERSION = 1.0;
				PRODUCT_BUNDLE_IDENTIFIER = com.leon.PaybackTestApp;
				PRODUCT_NAME = "$(TARGET_NAME)";
				SWIFT_EMIT_LOC_STRINGS = YES;
				SWIFT_VERSION = 5.0;
				TARGETED_DEVICE_FAMILY = "1,2";
			};
			name = Debug;
		};
		71EF1B87293942D300EDF0FF /* Release */ = {
			isa = XCBuildConfiguration;
			buildSettings = {
				ASSETCATALOG_COMPILER_APPICON_NAME = AppIcon;
				ASSETCATALOG_COMPILER_GLOBAL_ACCENT_COLOR_NAME = AccentColor;
				CODE_SIGN_STYLE = Automatic;
				CURRENT_PROJECT_VERSION = 1;
				DEVELOPMENT_ASSET_PATHS = "\"PaybackTestApp/Preview Content\"";
				DEVELOPMENT_TEAM = 98A95ZRNVF;
				ENABLE_PREVIEWS = YES;
				GENERATE_INFOPLIST_FILE = YES;
				INFOPLIST_KEY_UIApplicationSceneManifest_Generation = YES;
				INFOPLIST_KEY_UIApplicationSupportsIndirectInputEvents = YES;
				INFOPLIST_KEY_UILaunchScreen_Generation = YES;
				INFOPLIST_KEY_UISupportedInterfaceOrientations_iPad = "UIInterfaceOrientationPortrait UIInterfaceOrientationPortraitUpsideDown UIInterfaceOrientationLandscapeLeft UIInterfaceOrientationLandscapeRight";
				INFOPLIST_KEY_UISupportedInterfaceOrientations_iPhone = "UIInterfaceOrientationPortrait UIInterfaceOrientationLandscapeLeft UIInterfaceOrientationLandscapeRight";
				LD_RUNPATH_SEARCH_PATHS = (
					"$(inherited)",
					"@executable_path/Frameworks",
				);
				MARKETING_VERSION = 1.0;
				PRODUCT_BUNDLE_IDENTIFIER = com.leon.PaybackTestApp;
				PRODUCT_NAME = "$(TARGET_NAME)";
				SWIFT_EMIT_LOC_STRINGS = YES;
				SWIFT_VERSION = 5.0;
				TARGETED_DEVICE_FAMILY = "1,2";
			};
			name = Release;
		};
/* End XCBuildConfiguration section */

/* Begin XCConfigurationList section */
		71EF1B72293942D100EDF0FF /* Build configuration list for PBXProject "PaybackTestApp" */ = {
			isa = XCConfigurationList;
			buildConfigurations = (
				71EF1B83293942D300EDF0FF /* Debug */,
				71EF1B84293942D300EDF0FF /* Release */,
			);
			defaultConfigurationIsVisible = 0;
			defaultConfigurationName = Release;
		};
		71EF1B85293942D300EDF0FF /* Build configuration list for PBXNativeTarget "PaybackTestApp" */ = {
			isa = XCConfigurationList;
			buildConfigurations = (
				71EF1B86293942D300EDF0FF /* Debug */,
				71EF1B87293942D300EDF0FF /* Release */,
			);
			defaultConfigurationIsVisible = 0;
			defaultConfigurationName = Release;
		};
/* End XCConfigurationList section */
	};
	rootObject = 71EF1B6F293942D100EDF0FF /* Project object */;
}
